// !$*UTF8*$!
{
	archiveVersion = 1;
	classes = {
	};
	objectVersion = 46;
	objects = {

/* Begin PBXBuildFile section */
		607FACD61AFB9204008FA782 /* AppDelegate.swift in Sources */ = {isa = PBXBuildFile; fileRef = 607FACD51AFB9204008FA782 /* AppDelegate.swift */; };
		607FACD81AFB9204008FA782 /* ArticlesViewController.swift in Sources */ = {isa = PBXBuildFile; fileRef = 607FACD71AFB9204008FA782 /* ArticlesViewController.swift */; };
		607FACDD1AFB9204008FA782 /* Images.xcassets in Resources */ = {isa = PBXBuildFile; fileRef = 607FACDC1AFB9204008FA782 /* Images.xcassets */; };
		607FACE01AFB9204008FA782 /* LaunchScreen.xib in Resources */ = {isa = PBXBuildFile; fileRef = 607FACDE1AFB9204008FA782 /* LaunchScreen.xib */; };
		97DE414795C7CA6F55ED3EBD /* Pods_Masiuk2021_Example.framework in Frameworks */ = {isa = PBXBuildFile; fileRef = D919924F11C1351A8794F24F /* Pods_Masiuk2021_Example.framework */; };
		CE992A1B26C6738300A9AB61 /* ArticleTableViewCell.xib in Resources */ = {isa = PBXBuildFile; fileRef = CE992A0B26C6738300A9AB61 /* ArticleTableViewCell.xib */; };
		CE992A1C26C6738300A9AB61 /* ArticleTableViewCell.swift in Sources */ = {isa = PBXBuildFile; fileRef = CE992A0C26C6738300A9AB61 /* ArticleTableViewCell.swift */; };
		CE992A2626C675AF00A9AB61 /* AddArticle.storyboard in Resources */ = {isa = PBXBuildFile; fileRef = CE992A2226C675AF00A9AB61 /* AddArticle.storyboard */; };
		CE992A2726C675AF00A9AB61 /* ArticleDetails.storyboard in Resources */ = {isa = PBXBuildFile; fileRef = CE992A2326C675AF00A9AB61 /* ArticleDetails.storyboard */; };
		CE992A2826C675AF00A9AB61 /* Articles.storyboard in Resources */ = {isa = PBXBuildFile; fileRef = CE992A2426C675AF00A9AB61 /* Articles.storyboard */; };
		CE992A2926C675AF00A9AB61 /* Main.storyboard in Resources */ = {isa = PBXBuildFile; fileRef = CE992A2526C675AF00A9AB61 /* Main.storyboard */; };
		CE992A2E26C6839B00A9AB61 /* Const.swift in Sources */ = {isa = PBXBuildFile; fileRef = CE992A2D26C6839B00A9AB61 /* Const.swift */; };
		CE992A3226C6852D00A9AB61 /* UIStoryboard+Extensions.swift in Sources */ = {isa = PBXBuildFile; fileRef = CE992A3026C6852D00A9AB61 /* UIStoryboard+Extensions.swift */; };
		CE992A3326C6852D00A9AB61 /* Date+Extensions.swift in Sources */ = {isa = PBXBuildFile; fileRef = CE992A3126C6852D00A9AB61 /* Date+Extensions.swift */; };
		CE992A3626C6877800A9AB61 /* ArticleDetailsViewController.swift in Sources */ = {isa = PBXBuildFile; fileRef = CE992A3426C6877800A9AB61 /* ArticleDetailsViewController.swift */; };
		CE992A3726C6877800A9AB61 /* AddArticleViewController.swift in Sources */ = {isa = PBXBuildFile; fileRef = CE992A3526C6877800A9AB61 /* AddArticleViewController.swift */; };
/* End PBXBuildFile section */

/* Begin PBXFileReference section */
		4D24247C2C7AD7CB44868453 /* LICENSE */ = {isa = PBXFileReference; includeInIndex = 1; lastKnownFileType = text; name = LICENSE; path = ../LICENSE; sourceTree = "<group>"; };
		53607238A9C0C87DC8B89450 /* Masiuk2021.podspec */ = {isa = PBXFileReference; includeInIndex = 1; lastKnownFileType = text; name = Masiuk2021.podspec; path = ../Masiuk2021.podspec; sourceTree = "<group>"; xcLanguageSpecificationIdentifier = xcode.lang.ruby; };
		607FACD01AFB9204008FA782 /* Masiuk2021_Example.app */ = {isa = PBXFileReference; explicitFileType = wrapper.application; includeInIndex = 0; path = Masiuk2021_Example.app; sourceTree = BUILT_PRODUCTS_DIR; };
		607FACD41AFB9204008FA782 /* Info.plist */ = {isa = PBXFileReference; lastKnownFileType = text.plist.xml; path = Info.plist; sourceTree = "<group>"; };
		607FACD51AFB9204008FA782 /* AppDelegate.swift */ = {isa = PBXFileReference; lastKnownFileType = sourcecode.swift; path = AppDelegate.swift; sourceTree = "<group>"; };
		607FACD71AFB9204008FA782 /* ArticlesViewController.swift */ = {isa = PBXFileReference; lastKnownFileType = sourcecode.swift; path = ArticlesViewController.swift; sourceTree = "<group>"; };
		607FACDC1AFB9204008FA782 /* Images.xcassets */ = {isa = PBXFileReference; lastKnownFileType = folder.assetcatalog; path = Images.xcassets; sourceTree = "<group>"; };
		607FACDF1AFB9204008FA782 /* Base */ = {isa = PBXFileReference; lastKnownFileType = file.xib; name = Base; path = Base.lproj/LaunchScreen.xib; sourceTree = "<group>"; };
		C5B0AB2C0DDBFCD7E356A892 /* README.md */ = {isa = PBXFileReference; includeInIndex = 1; lastKnownFileType = net.daringfireball.markdown; name = README.md; path = ../README.md; sourceTree = "<group>"; };
		C82D752B70E4DF4C375CF60E /* Pods-Masiuk2021_Example.debug.xcconfig */ = {isa = PBXFileReference; includeInIndex = 1; lastKnownFileType = text.xcconfig; name = "Pods-Masiuk2021_Example.debug.xcconfig"; path = "Target Support Files/Pods-Masiuk2021_Example/Pods-Masiuk2021_Example.debug.xcconfig"; sourceTree = "<group>"; };
		CE992A0B26C6738300A9AB61 /* ArticleTableViewCell.xib */ = {isa = PBXFileReference; fileEncoding = 4; lastKnownFileType = file.xib; path = ArticleTableViewCell.xib; sourceTree = "<group>"; };
		CE992A0C26C6738300A9AB61 /* ArticleTableViewCell.swift */ = {isa = PBXFileReference; fileEncoding = 4; lastKnownFileType = sourcecode.swift; path = ArticleTableViewCell.swift; sourceTree = "<group>"; };
		CE992A2226C675AF00A9AB61 /* AddArticle.storyboard */ = {isa = PBXFileReference; fileEncoding = 4; lastKnownFileType = file.storyboard; path = AddArticle.storyboard; sourceTree = "<group>"; };
		CE992A2326C675AF00A9AB61 /* ArticleDetails.storyboard */ = {isa = PBXFileReference; fileEncoding = 4; lastKnownFileType = file.storyboard; path = ArticleDetails.storyboard; sourceTree = "<group>"; };
		CE992A2426C675AF00A9AB61 /* Articles.storyboard */ = {isa = PBXFileReference; fileEncoding = 4; lastKnownFileType = file.storyboard; path = Articles.storyboard; sourceTree = "<group>"; };
		CE992A2526C675AF00A9AB61 /* Main.storyboard */ = {isa = PBXFileReference; fileEncoding = 4; lastKnownFileType = file.storyboard; path = Main.storyboard; sourceTree = "<group>"; };
		CE992A2D26C6839B00A9AB61 /* Const.swift */ = {isa = PBXFileReference; fileEncoding = 4; lastKnownFileType = sourcecode.swift; path = Const.swift; sourceTree = "<group>"; };
		CE992A3026C6852D00A9AB61 /* UIStoryboard+Extensions.swift */ = {isa = PBXFileReference; fileEncoding = 4; lastKnownFileType = sourcecode.swift; path = "UIStoryboard+Extensions.swift"; sourceTree = "<group>"; };
		CE992A3126C6852D00A9AB61 /* Date+Extensions.swift */ = {isa = PBXFileReference; fileEncoding = 4; lastKnownFileType = sourcecode.swift; path = "Date+Extensions.swift"; sourceTree = "<group>"; };
		CE992A3426C6877800A9AB61 /* ArticleDetailsViewController.swift */ = {isa = PBXFileReference; fileEncoding = 4; lastKnownFileType = sourcecode.swift; path = ArticleDetailsViewController.swift; sourceTree = "<group>"; };
		CE992A3526C6877800A9AB61 /* AddArticleViewController.swift */ = {isa = PBXFileReference; fileEncoding = 4; lastKnownFileType = sourcecode.swift; path = AddArticleViewController.swift; sourceTree = "<group>"; };
		D919924F11C1351A8794F24F /* Pods_Masiuk2021_Example.framework */ = {isa = PBXFileReference; explicitFileType = wrapper.framework; includeInIndex = 0; path = Pods_Masiuk2021_Example.framework; sourceTree = BUILT_PRODUCTS_DIR; };
		E082A66CBE8ACB2128233485 /* Pods-Masiuk2021_Example.release.xcconfig */ = {isa = PBXFileReference; includeInIndex = 1; lastKnownFileType = text.xcconfig; name = "Pods-Masiuk2021_Example.release.xcconfig"; path = "Target Support Files/Pods-Masiuk2021_Example/Pods-Masiuk2021_Example.release.xcconfig"; sourceTree = "<group>"; };
/* End PBXFileReference section */

/* Begin PBXFrameworksBuildPhase section */
		607FACCD1AFB9204008FA782 /* Frameworks */ = {
			isa = PBXFrameworksBuildPhase;
			buildActionMask = 2147483647;
			files = (
				97DE414795C7CA6F55ED3EBD /* Pods_Masiuk2021_Example.framework in Frameworks */,
			);
			runOnlyForDeploymentPostprocessing = 0;
		};
/* End PBXFrameworksBuildPhase section */

/* Begin PBXGroup section */
		3A068BBF9A3064481B663F72 /* Frameworks */ = {
			isa = PBXGroup;
			children = (
				D919924F11C1351A8794F24F /* Pods_Masiuk2021_Example.framework */,
			);
			name = Frameworks;
			sourceTree = "<group>";
		};
		607FACC71AFB9204008FA782 = {
			isa = PBXGroup;
			children = (
				607FACF51AFB993E008FA782 /* Podspec Metadata */,
				607FACD21AFB9204008FA782 /* Example for Masiuk2021 */,
				607FACD11AFB9204008FA782 /* Products */,
				E211F973D6CD14AEAE62BE3D /* Pods */,
				3A068BBF9A3064481B663F72 /* Frameworks */,
			);
			sourceTree = "<group>";
		};
		607FACD11AFB9204008FA782 /* Products */ = {
			isa = PBXGroup;
			children = (
				607FACD01AFB9204008FA782 /* Masiuk2021_Example.app */,
			);
			name = Products;
			sourceTree = "<group>";
		};
		607FACD21AFB9204008FA782 /* Example for Masiuk2021 */ = {
			isa = PBXGroup;
			children = (
				CE992A2C26C6839B00A9AB61 /* Constants */,
				CE992A0826C6738300A9AB61 /* Cells */,
				CE992A2B26C675F500A9AB61 /* ViewControllers */,
				CE992A2126C6758800A9AB61 /* Storyboards */,
				CE992A2F26C6852D00A9AB61 /* Extensions */,
				CE992A2A26C675E500A9AB61 /* Resourses */,
				607FACD31AFB9204008FA782 /* Supporting Files */,
			);
			name = "Example for Masiuk2021";
			path = Masiuk2021;
			sourceTree = "<group>";
		};
		607FACD31AFB9204008FA782 /* Supporting Files */ = {
			isa = PBXGroup;
			children = (
				607FACD51AFB9204008FA782 /* AppDelegate.swift */,
				607FACD41AFB9204008FA782 /* Info.plist */,
			);
			name = "Supporting Files";
			sourceTree = "<group>";
		};
		607FACF51AFB993E008FA782 /* Podspec Metadata */ = {
			isa = PBXGroup;
			children = (
				53607238A9C0C87DC8B89450 /* Masiuk2021.podspec */,
				C5B0AB2C0DDBFCD7E356A892 /* README.md */,
				4D24247C2C7AD7CB44868453 /* LICENSE */,
			);
			name = "Podspec Metadata";
			sourceTree = "<group>";
		};
		CE992A0826C6738300A9AB61 /* Cells */ = {
			isa = PBXGroup;
			children = (
				CE992A0926C6738300A9AB61 /* TableViewCells */,
			);
			path = Cells;
			sourceTree = "<group>";
		};
		CE992A0926C6738300A9AB61 /* TableViewCells */ = {
			isa = PBXGroup;
			children = (
				CE992A0A26C6738300A9AB61 /* ArticleVIewCell */,
			);
			path = TableViewCells;
			sourceTree = "<group>";
		};
		CE992A0A26C6738300A9AB61 /* ArticleVIewCell */ = {
			isa = PBXGroup;
			children = (
				CE992A0B26C6738300A9AB61 /* ArticleTableViewCell.xib */,
				CE992A0C26C6738300A9AB61 /* ArticleTableViewCell.swift */,
			);
			path = ArticleVIewCell;
			sourceTree = "<group>";
		};
		CE992A2126C6758800A9AB61 /* Storyboards */ = {
			isa = PBXGroup;
			children = (
				607FACDE1AFB9204008FA782 /* LaunchScreen.xib */,
				CE992A2526C675AF00A9AB61 /* Main.storyboard */,
				CE992A2426C675AF00A9AB61 /* Articles.storyboard */,
				CE992A2226C675AF00A9AB61 /* AddArticle.storyboard */,
				CE992A2326C675AF00A9AB61 /* ArticleDetails.storyboard */,
			);
			path = Storyboards;
			sourceTree = "<group>";
		};
		CE992A2A26C675E500A9AB61 /* Resourses */ = {
			isa = PBXGroup;
			children = (
				607FACDC1AFB9204008FA782 /* Images.xcassets */,
			);
			path = Resourses;
			sourceTree = "<group>";
		};
		CE992A2B26C675F500A9AB61 /* ViewControllers */ = {
			isa = PBXGroup;
			children = (
				607FACD71AFB9204008FA782 /* ArticlesViewController.swift */,
				CE992A3526C6877800A9AB61 /* AddArticleViewController.swift */,
				CE992A3426C6877800A9AB61 /* ArticleDetailsViewController.swift */,
			);
			path = ViewControllers;
			sourceTree = "<group>";
		};
		CE992A2C26C6839B00A9AB61 /* Constants */ = {
			isa = PBXGroup;
			children = (
				CE992A2D26C6839B00A9AB61 /* Const.swift */,
			);
			path = Constants;
			sourceTree = "<group>";
		};
		CE992A2F26C6852D00A9AB61 /* Extensions */ = {
			isa = PBXGroup;
			children = (
				CE992A3026C6852D00A9AB61 /* UIStoryboard+Extensions.swift */,
				CE992A3126C6852D00A9AB61 /* Date+Extensions.swift */,
			);
			path = Extensions;
			sourceTree = "<group>";
		};
		E211F973D6CD14AEAE62BE3D /* Pods */ = {
			isa = PBXGroup;
			children = (
				C82D752B70E4DF4C375CF60E /* Pods-Masiuk2021_Example.debug.xcconfig */,
				E082A66CBE8ACB2128233485 /* Pods-Masiuk2021_Example.release.xcconfig */,
			);
			path = Pods;
			sourceTree = "<group>";
		};
/* End PBXGroup section */

/* Begin PBXNativeTarget section */
		607FACCF1AFB9204008FA782 /* Masiuk2021_Example */ = {
			isa = PBXNativeTarget;
			buildConfigurationList = 607FACEF1AFB9204008FA782 /* Build configuration list for PBXNativeTarget "Masiuk2021_Example" */;
			buildPhases = (
				9C0DA42FDBAD00CC72BC7478 /* [CP] Check Pods Manifest.lock */,
				607FACCC1AFB9204008FA782 /* Sources */,
				607FACCD1AFB9204008FA782 /* Frameworks */,
				607FACCE1AFB9204008FA782 /* Resources */,
				AF635896A0D79DF8180D048C /* [CP] Embed Pods Frameworks */,
			);
			buildRules = (
			);
			dependencies = (
			);
			name = Masiuk2021_Example;
			productName = Masiuk2021;
			productReference = 607FACD01AFB9204008FA782 /* Masiuk2021_Example.app */;
			productType = "com.apple.product-type.application";
		};
/* End PBXNativeTarget section */

/* Begin PBXProject section */
		607FACC81AFB9204008FA782 /* Project object */ = {
			isa = PBXProject;
			attributes = {
				LastSwiftUpdateCheck = 0830;
				LastUpgradeCheck = 1250;
				ORGANIZATIONNAME = CocoaPods;
				TargetAttributes = {
					607FACCF1AFB9204008FA782 = {
						CreatedOnToolsVersion = 6.3.1;
						DevelopmentTeam = 6MXG23LQRB;
						LastSwiftMigration = 1250;
					};
				};
			};
			buildConfigurationList = 607FACCB1AFB9204008FA782 /* Build configuration list for PBXProject "Masiuk2021" */;
			compatibilityVersion = "Xcode 3.2";
			developmentRegion = en;
			hasScannedForEncodings = 0;
			knownRegions = (
				en,
				Base,
			);
			mainGroup = 607FACC71AFB9204008FA782;
			productRefGroup = 607FACD11AFB9204008FA782 /* Products */;
			projectDirPath = "";
			projectRoot = "";
			targets = (
				607FACCF1AFB9204008FA782 /* Masiuk2021_Example */,
			);
		};
/* End PBXProject section */

/* Begin PBXResourcesBuildPhase section */
		607FACCE1AFB9204008FA782 /* Resources */ = {
			isa = PBXResourcesBuildPhase;
			buildActionMask = 2147483647;
			files = (
				CE992A2626C675AF00A9AB61 /* AddArticle.storyboard in Resources */,
				CE992A2726C675AF00A9AB61 /* ArticleDetails.storyboard in Resources */,
				CE992A2926C675AF00A9AB61 /* Main.storyboard in Resources */,
				607FACE01AFB9204008FA782 /* LaunchScreen.xib in Resources */,
				CE992A1B26C6738300A9AB61 /* ArticleTableViewCell.xib in Resources */,
				607FACDD1AFB9204008FA782 /* Images.xcassets in Resources */,
				CE992A2826C675AF00A9AB61 /* Articles.storyboard in Resources */,
			);
			runOnlyForDeploymentPostprocessing = 0;
		};
/* End PBXResourcesBuildPhase section */

/* Begin PBXShellScriptBuildPhase section */
		9C0DA42FDBAD00CC72BC7478 /* [CP] Check Pods Manifest.lock */ = {
			isa = PBXShellScriptBuildPhase;
			buildActionMask = 2147483647;
			files = (
			);
			inputFileListPaths = (
			);
			inputPaths = (
				"${PODS_PODFILE_DIR_PATH}/Podfile.lock",
				"${PODS_ROOT}/Manifest.lock",
			);
			name = "[CP] Check Pods Manifest.lock";
			outputFileListPaths = (
			);
			outputPaths = (
				"$(DERIVED_FILE_DIR)/Pods-Masiuk2021_Example-checkManifestLockResult.txt",
			);
			runOnlyForDeploymentPostprocessing = 0;
			shellPath = /bin/sh;
			shellScript = "diff \"${PODS_PODFILE_DIR_PATH}/Podfile.lock\" \"${PODS_ROOT}/Manifest.lock\" > /dev/null\nif [ $? != 0 ] ; then\n    # print error to STDERR\n    echo \"error: The sandbox is not in sync with the Podfile.lock. Run 'pod install' or update your CocoaPods installation.\" >&2\n    exit 1\nfi\n# This output is used by Xcode 'outputs' to avoid re-running this script phase.\necho \"SUCCESS\" > \"${SCRIPT_OUTPUT_FILE_0}\"\n";
			showEnvVarsInLog = 0;
		};
		AF635896A0D79DF8180D048C /* [CP] Embed Pods Frameworks */ = {
			isa = PBXShellScriptBuildPhase;
			buildActionMask = 2147483647;
			files = (
			);
			inputPaths = (
				"${PODS_ROOT}/Target Support Files/Pods-Masiuk2021_Example/Pods-Masiuk2021_Example-frameworks.sh",
				"${BUILT_PRODUCTS_DIR}/Masiuk2021/Masiuk2021.framework",
			);
			name = "[CP] Embed Pods Frameworks";
			outputPaths = (
				"${TARGET_BUILD_DIR}/${FRAMEWORKS_FOLDER_PATH}/Masiuk2021.framework",
			);
			runOnlyForDeploymentPostprocessing = 0;
			shellPath = /bin/sh;
			shellScript = "\"${PODS_ROOT}/Target Support Files/Pods-Masiuk2021_Example/Pods-Masiuk2021_Example-frameworks.sh\"\n";
			showEnvVarsInLog = 0;
		};
/* End PBXShellScriptBuildPhase section */

/* Begin PBXSourcesBuildPhase section */
		607FACCC1AFB9204008FA782 /* Sources */ = {
			isa = PBXSourcesBuildPhase;
			buildActionMask = 2147483647;
			files = (
				CE992A3626C6877800A9AB61 /* ArticleDetailsViewController.swift in Sources */,
				607FACD81AFB9204008FA782 /* ArticlesViewController.swift in Sources */,
				CE992A2E26C6839B00A9AB61 /* Const.swift in Sources */,
				CE992A3226C6852D00A9AB61 /* UIStoryboard+Extensions.swift in Sources */,
				607FACD61AFB9204008FA782 /* AppDelegate.swift in Sources */,
				CE992A1C26C6738300A9AB61 /* ArticleTableViewCell.swift in Sources */,
				CE992A3726C6877800A9AB61 /* AddArticleViewController.swift in Sources */,
				CE992A3326C6852D00A9AB61 /* Date+Extensions.swift in Sources */,
			);
			runOnlyForDeploymentPostprocessing = 0;
		};
/* End PBXSourcesBuildPhase section */

/* Begin PBXVariantGroup section */
		607FACDE1AFB9204008FA782 /* LaunchScreen.xib */ = {
			isa = PBXVariantGroup;
			children = (
				607FACDF1AFB9204008FA782 /* Base */,
			);
			name = LaunchScreen.xib;
			sourceTree = "<group>";
		};
/* End PBXVariantGroup section */

/* Begin XCBuildConfiguration section */
		607FACED1AFB9204008FA782 /* Debug */ = {
			isa = XCBuildConfiguration;
			buildSettings = {
				ALWAYS_SEARCH_USER_PATHS = NO;
				CLANG_ANALYZER_LOCALIZABILITY_NONLOCALIZED = YES;
				CLANG_CXX_LANGUAGE_STANDARD = "gnu++0x";
				CLANG_CXX_LIBRARY = "libc++";
				CLANG_ENABLE_MODULES = YES;
				CLANG_ENABLE_OBJC_ARC = YES;
				CLANG_WARN_BLOCK_CAPTURE_AUTORELEASING = YES;
				CLANG_WARN_BOOL_CONVERSION = YES;
				CLANG_WARN_COMMA = YES;
				CLANG_WARN_CONSTANT_CONVERSION = YES;
				CLANG_WARN_DEPRECATED_OBJC_IMPLEMENTATIONS = YES;
				CLANG_WARN_DIRECT_OBJC_ISA_USAGE = YES_ERROR;
				CLANG_WARN_EMPTY_BODY = YES;
				CLANG_WARN_ENUM_CONVERSION = YES;
				CLANG_WARN_INFINITE_RECURSION = YES;
				CLANG_WARN_INT_CONVERSION = YES;
				CLANG_WARN_NON_LITERAL_NULL_CONVERSION = YES;
				CLANG_WARN_OBJC_IMPLICIT_RETAIN_SELF = YES;
				CLANG_WARN_OBJC_LITERAL_CONVERSION = YES;
				CLANG_WARN_OBJC_ROOT_CLASS = YES_ERROR;
				CLANG_WARN_QUOTED_INCLUDE_IN_FRAMEWORK_HEADER = YES;
				CLANG_WARN_RANGE_LOOP_ANALYSIS = YES;
				CLANG_WARN_STRICT_PROTOTYPES = YES;
				CLANG_WARN_SUSPICIOUS_MOVE = YES;
				CLANG_WARN_UNREACHABLE_CODE = YES;
				CLANG_WARN__DUPLICATE_METHOD_MATCH = YES;
				CODE_SIGN_IDENTITY = "Apple Development: ANTON MASIUK (369S4FZH2M)";
				"CODE_SIGN_IDENTITY[sdk=iphoneos*]" = "iPhone Developer";
				COPY_PHASE_STRIP = NO;
				DEBUG_INFORMATION_FORMAT = "dwarf-with-dsym";
				ENABLE_STRICT_OBJC_MSGSEND = YES;
				ENABLE_TESTABILITY = YES;
				GCC_C_LANGUAGE_STANDARD = gnu99;
				GCC_DYNAMIC_NO_PIC = NO;
				GCC_NO_COMMON_BLOCKS = YES;
				GCC_OPTIMIZATION_LEVEL = 0;
				GCC_PREPROCESSOR_DEFINITIONS = (
					"DEBUG=1",
					"$(inherited)",
				);
				GCC_SYMBOLS_PRIVATE_EXTERN = NO;
				GCC_WARN_64_TO_32_BIT_CONVERSION = YES;
				GCC_WARN_ABOUT_RETURN_TYPE = YES_ERROR;
				GCC_WARN_UNDECLARED_SELECTOR = YES;
				GCC_WARN_UNINITIALIZED_AUTOS = YES_AGGRESSIVE;
				GCC_WARN_UNUSED_FUNCTION = YES;
				GCC_WARN_UNUSED_VARIABLE = YES;
				IPHONEOS_DEPLOYMENT_TARGET = 12.0;
				MTL_ENABLE_DEBUG_INFO = YES;
				ONLY_ACTIVE_ARCH = YES;
				SDKROOT = iphoneos;
				SWIFT_OPTIMIZATION_LEVEL = "-Onone";
			};
			name = Debug;
		};
		607FACEE1AFB9204008FA782 /* Release */ = {
			isa = XCBuildConfiguration;
			buildSettings = {
				ALWAYS_SEARCH_USER_PATHS = NO;
				CLANG_ANALYZER_LOCALIZABILITY_NONLOCALIZED = YES;
				CLANG_CXX_LANGUAGE_STANDARD = "gnu++0x";
				CLANG_CXX_LIBRARY = "libc++";
				CLANG_ENABLE_MODULES = YES;
				CLANG_ENABLE_OBJC_ARC = YES;
				CLANG_WARN_BLOCK_CAPTURE_AUTORELEASING = YES;
				CLANG_WARN_BOOL_CONVERSION = YES;
				CLANG_WARN_COMMA = YES;
				CLANG_WARN_CONSTANT_CONVERSION = YES;
				CLANG_WARN_DEPRECATED_OBJC_IMPLEMENTATIONS = YES;
				CLANG_WARN_DIRECT_OBJC_ISA_USAGE = YES_ERROR;
				CLANG_WARN_EMPTY_BODY = YES;
				CLANG_WARN_ENUM_CONVERSION = YES;
				CLANG_WARN_INFINITE_RECURSION = YES;
				CLANG_WARN_INT_CONVERSION = YES;
				CLANG_WARN_NON_LITERAL_NULL_CONVERSION = YES;
				CLANG_WARN_OBJC_IMPLICIT_RETAIN_SELF = YES;
				CLANG_WARN_OBJC_LITERAL_CONVERSION = YES;
				CLANG_WARN_OBJC_ROOT_CLASS = YES_ERROR;
				CLANG_WARN_QUOTED_INCLUDE_IN_FRAMEWORK_HEADER = YES;
				CLANG_WARN_RANGE_LOOP_ANALYSIS = YES;
				CLANG_WARN_STRICT_PROTOTYPES = YES;
				CLANG_WARN_SUSPICIOUS_MOVE = YES;
				CLANG_WARN_UNREACHABLE_CODE = YES;
				CLANG_WARN__DUPLICATE_METHOD_MATCH = YES;
				CODE_SIGN_IDENTITY = "Apple Development: ANTON MASIUK (369S4FZH2M)";
				"CODE_SIGN_IDENTITY[sdk=iphoneos*]" = "iPhone Developer";
				COPY_PHASE_STRIP = NO;
				DEBUG_INFORMATION_FORMAT = "dwarf-with-dsym";
				ENABLE_NS_ASSERTIONS = NO;
				ENABLE_STRICT_OBJC_MSGSEND = YES;
				GCC_C_LANGUAGE_STANDARD = gnu99;
				GCC_NO_COMMON_BLOCKS = YES;
				GCC_WARN_64_TO_32_BIT_CONVERSION = YES;
				GCC_WARN_ABOUT_RETURN_TYPE = YES_ERROR;
				GCC_WARN_UNDECLARED_SELECTOR = YES;
				GCC_WARN_UNINITIALIZED_AUTOS = YES_AGGRESSIVE;
				GCC_WARN_UNUSED_FUNCTION = YES;
				GCC_WARN_UNUSED_VARIABLE = YES;
				IPHONEOS_DEPLOYMENT_TARGET = 12.0;
				MTL_ENABLE_DEBUG_INFO = NO;
				SDKROOT = iphoneos;
				SWIFT_OPTIMIZATION_LEVEL = "-Owholemodule";
				VALIDATE_PRODUCT = YES;
			};
			name = Release;
		};
		607FACF01AFB9204008FA782 /* Debug */ = {
			isa = XCBuildConfiguration;
			baseConfigurationReference = C82D752B70E4DF4C375CF60E /* Pods-Masiuk2021_Example.debug.xcconfig */;
			buildSettings = {
				ASSETCATALOG_COMPILER_APPICON_NAME = AppIcon;
				DEVELOPMENT_TEAM = 6MXG23LQRB;
				INFOPLIST_FILE = Masiuk2021/Info.plist;
				LD_RUNPATH_SEARCH_PATHS = "$(inherited) @executable_path/Frameworks";
				MODULE_NAME = ExampleApp;
				PRODUCT_BUNDLE_IDENTIFIER = "org.cocoapods.demo.$(PRODUCT_NAME:rfc1034identifier)";
				PRODUCT_NAME = "$(TARGET_NAME)";
				SWIFT_SWIFT3_OBJC_INFERENCE = Default;
				SWIFT_VERSION = 5.0;
			};
			name = Debug;
		};
		607FACF11AFB9204008FA782 /* Release */ = {
			isa = XCBuildConfiguration;
			baseConfigurationReference = E082A66CBE8ACB2128233485 /* Pods-Masiuk2021_Example.release.xcconfig */;
			buildSettings = {
				ASSETCATALOG_COMPILER_APPICON_NAME = AppIcon;
				DEVELOPMENT_TEAM = 6MXG23LQRB;
				INFOPLIST_FILE = Masiuk2021/Info.plist;
				LD_RUNPATH_SEARCH_PATHS = "$(inherited) @executable_path/Frameworks";
				MODULE_NAME = ExampleApp;
				PRODUCT_BUNDLE_IDENTIFIER = "org.cocoapods.demo.$(PRODUCT_NAME:rfc1034identifier)";
				PRODUCT_NAME = "$(TARGET_NAME)";
				SWIFT_SWIFT3_OBJC_INFERENCE = Default;
				SWIFT_VERSION = 5.0;
			};
			name = Release;
		};
/* End XCBuildConfiguration section */

/* Begin XCConfigurationList section */
		607FACCB1AFB9204008FA782 /* Build configuration list for PBXProject "Masiuk2021" */ = {
			isa = XCConfigurationList;
			buildConfigurations = (
				607FACED1AFB9204008FA782 /* Debug */,
				607FACEE1AFB9204008FA782 /* Release */,
			);
			defaultConfigurationIsVisible = 0;
			defaultConfigurationName = Release;
		};
		607FACEF1AFB9204008FA782 /* Build configuration list for PBXNativeTarget "Masiuk2021_Example" */ = {
			isa = XCConfigurationList;
			buildConfigurations = (
				607FACF01AFB9204008FA782 /* Debug */,
				607FACF11AFB9204008FA782 /* Release */,
			);
			defaultConfigurationIsVisible = 0;
			defaultConfigurationName = Release;
		};
/* End XCConfigurationList section */
	};
	rootObject = 607FACC81AFB9204008FA782 /* Project object */;
}
